
Microsoft Visual Studio Solution File, Format Version 12.00
# Visual Studio 15
VisualStudioVersion = 15.0.28010.2003
MinimumVisualStudioVersion = 10.0.40219.1
Project("{FAE04EC0-301F-11D3-BF4B-00C04F79EFBC}") = "SimpleRPG", "SimpleRPG\SimpleRPG.csproj", "{07290368-DC82-4111-9DA6-812E313CAF6C}"
EndProject
Project("{FAE04EC0-301F-11D3-BF4B-00C04F79EFBC}") = "Engine", "Engine\Engine.csproj", "{C782ACF5-1B8D-40EC-BFD1-7C093B7C95C5}"
EndProject
Global
	GlobalSection(SolutionConfigurationPlatforms) = preSolution
		Debug|Any CPU = Debug|Any CPU
		Release|Any CPU = Release|Any CPU
	EndGlobalSection
	GlobalSection(ProjectConfigurationPlatforms) = postSolution
		{07290368-DC82-4111-9DA6-812E313CAF6C}.Debug|Any CPU.ActiveCfg = Debug|Any CPU
		{07290368-DC82-4111-9DA6-812E313CAF6C}.Debug|Any CPU.Build.0 = Debug|Any CPU
		{07290368-DC82-4111-9DA6-812E313CAF6C}.Release|Any CPU.ActiveCfg = Release|Any CPU
		{07290368-DC82-4111-9DA6-812E313CAF6C}.Release|Any CPU.Build.0 = Release|Any CPU
		{C782ACF5-1B8D-40EC-BFD1-7C093B7C95C5}.Debug|Any CPU.ActiveCfg = Debug|Any CPU
		{C782ACF5-1B8D-40EC-BFD1-7C093B7C95C5}.Debug|Any CPU.Build.0 = Debug|Any CPU
		{C782ACF5-1B8D-40EC-BFD1-7C093B7C95C5}.Release|Any CPU.ActiveCfg = Release|Any CPU
		{C782ACF5-1B8D-40EC-BFD1-7C093B7C95C5}.Release|Any CPU.Build.0 = Release|Any CPU
	EndGlobalSection
	GlobalSection(SolutionProperties) = preSolution
		HideSolutionNode = FALSE
	EndGlobalSection
	GlobalSection(ExtensibilityGlobals) = postSolution
		SolutionGuid = {26998D3E-3BD2-4AC0-971C-567E461DFF7F}
	EndGlobalSection
EndGlobal
